
Microsoft Visual Studio Solution File, Format Version 12.00
# Visual Studio Version 17
VisualStudioVersion = 17.11.35327.3
MinimumVisualStudioVersion = 10.0.40219.1
Project("{9A19103F-16F7-4668-BE54-9A1E7A4F7556}") = "TodoList.API", "TodoList.API\TodoList.API.csproj", "{D9970DE1-D3F3-48AF-AC73-E86512EDB4DB}"
EndProject
Project("{FAE04EC0-301F-11D3-BF4B-00C04F79EFBC}") = "TodoList.Test", "TodoList.Test\TodoList.Test.csproj", "{CE11A12E-6B87-4F1B-B7C6-18781DAC1E85}"
EndProject
Global
	GlobalSection(SolutionConfigurationPlatforms) = preSolution
		Debug|Any CPU = Debug|Any CPU
		Release|Any CPU = Release|Any CPU
	EndGlobalSection
	GlobalSection(ProjectConfigurationPlatforms) = postSolution
		{D9970DE1-D3F3-48AF-AC73-E86512EDB4DB}.Debug|Any CPU.ActiveCfg = Debug|Any CPU
		{D9970DE1-D3F3-48AF-AC73-E86512EDB4DB}.Debug|Any CPU.Build.0 = Debug|Any CPU
		{D9970DE1-D3F3-48AF-AC73-E86512EDB4DB}.Release|Any CPU.ActiveCfg = Release|Any CPU
		{D9970DE1-D3F3-48AF-AC73-E86512EDB4DB}.Release|Any CPU.Build.0 = Release|Any CPU
		{CE11A12E-6B87-4F1B-B7C6-18781DAC1E85}.Debug|Any CPU.ActiveCfg = Debug|Any CPU
		{CE11A12E-6B87-4F1B-B7C6-18781DAC1E85}.Debug|Any CPU.Build.0 = Debug|Any CPU
		{CE11A12E-6B87-4F1B-B7C6-18781DAC1E85}.Release|Any CPU.ActiveCfg = Release|Any CPU
		{CE11A12E-6B87-4F1B-B7C6-18781DAC1E85}.Release|Any CPU.Build.0 = Release|Any CPU
	EndGlobalSection
	GlobalSection(SolutionProperties) = preSolution
		HideSolutionNode = FALSE
	EndGlobalSection
	GlobalSection(ExtensibilityGlobals) = postSolution
		SolutionGuid = {3F0AA145-610A-4A00-B801-F52541D1F740}
	EndGlobalSection
EndGlobal
